
Microsoft Visual Studio Solution File, Format Version 12.00
# Visual Studio Version 17
VisualStudioVersion = 17.5.33516.290
MinimumVisualStudioVersion = 10.0.40219.1
Project("{FAE04EC0-301F-11D3-BF4B-00C04F79EFBC}") = "Git_Action_Poc", "Git_Action_Poc.csproj", "{56B94256-B4C4-4569-8AC6-66E0ECACA2C1}"
EndProject
Global
	GlobalSection(SolutionConfigurationPlatforms) = preSolution
		Debug|Any CPU = Debug|Any CPU
		Release|Any CPU = Release|Any CPU
	EndGlobalSection
	GlobalSection(ProjectConfigurationPlatforms) = postSolution
		{56B94256-B4C4-4569-8AC6-66E0ECACA2C1}.Debug|Any CPU.ActiveCfg = Debug|Any CPU
		{56B94256-B4C4-4569-8AC6-66E0ECACA2C1}.Debug|Any CPU.Build.0 = Debug|Any CPU
		{56B94256-B4C4-4569-8AC6-66E0ECACA2C1}.Release|Any CPU.ActiveCfg = Release|Any CPU
		{56B94256-B4C4-4569-8AC6-66E0ECACA2C1}.Release|Any CPU.Build.0 = Release|Any CPU
	EndGlobalSection
	GlobalSection(SolutionProperties) = preSolution
		HideSolutionNode = FALSE
	EndGlobalSection
	GlobalSection(ExtensibilityGlobals) = postSolution
		SolutionGuid = {069EDB45-247D-4E55-A809-5B713754F2BD}
	EndGlobalSection
EndGlobal
